# This file is autogenerated, do not edit; changes may be undone by the next 'dep ensure'.


[[projects]]
  name = "github.com/gobuffalo/packr"
  packages = ["."]
  revision = "7f4074995d431987caaa35088199f13c44b24440"
  version = "v1.11.0"

[[projects]]
  name = "github.com/pkg/errors"
  packages = ["."]
  revision = "645ef00459ed84a119197bfb8d8205042c6df63d"
  version = "v0.8.0"

[solve-meta]
  analyzer-name = "dep"
  analyzer-version = 1
  inputs-digest = "c720ad6dc64128a8faec8df460ee1b5a651cfd0a5cd09e919072bf1963b86d04"
  solver-name = "gps-cdcl"
  solver-version = 1
